// !$*UTF8*$!
{
	archiveVersion = 1;
	classes = {
	};
	objectVersion = 50;
	objects = {

/* Begin PBXBuildFile section */
		EB41DDF425F5ECE9002B28EB /* CreationViewController.swift in Sources */ = {isa = PBXBuildFile; fileRef = EB41DDF325F5ECE9002B28EB /* CreationViewController.swift */; };
		EB9F46B525E196E7000D02A6 /* AppDelegate.swift in Sources */ = {isa = PBXBuildFile; fileRef = EB9F46B425E196E7000D02A6 /* AppDelegate.swift */; };
		EB9F46B725E196E7000D02A6 /* SceneDelegate.swift in Sources */ = {isa = PBXBuildFile; fileRef = EB9F46B625E196E7000D02A6 /* SceneDelegate.swift */; };
		EB9F46B925E196E7000D02A6 /* ViewController.swift in Sources */ = {isa = PBXBuildFile; fileRef = EB9F46B825E196E7000D02A6 /* ViewController.swift */; };
		EB9F46BC25E196E7000D02A6 /* Main.storyboard in Resources */ = {isa = PBXBuildFile; fileRef = EB9F46BA25E196E7000D02A6 /* Main.storyboard */; };
		EB9F46BE25E196E8000D02A6 /* Assets.xcassets in Resources */ = {isa = PBXBuildFile; fileRef = EB9F46BD25E196E8000D02A6 /* Assets.xcassets */; };
		EB9F46C125E196E8000D02A6 /* LaunchScreen.storyboard in Resources */ = {isa = PBXBuildFile; fileRef = EB9F46BF25E196E8000D02A6 /* LaunchScreen.storyboard */; };
		EB9F46CC25E196E8000D02A6 /* FlashcardsTests.swift in Sources */ = {isa = PBXBuildFile; fileRef = EB9F46CB25E196E8000D02A6 /* FlashcardsTests.swift */; };
		EB9F46D725E196E8000D02A6 /* FlashcardsUITests.swift in Sources */ = {isa = PBXBuildFile; fileRef = EB9F46D625E196E8000D02A6 /* FlashcardsUITests.swift */; };
/* End PBXBuildFile section */

/* Begin PBXContainerItemProxy section */
		EB9F46C825E196E8000D02A6 /* PBXContainerItemProxy */ = {
			isa = PBXContainerItemProxy;
			containerPortal = EB9F46A925E196E7000D02A6 /* Project object */;
			proxyType = 1;
			remoteGlobalIDString = EB9F46B025E196E7000D02A6;
			remoteInfo = Flashcards;
		};
		EB9F46D325E196E8000D02A6 /* PBXContainerItemProxy */ = {
			isa = PBXContainerItemProxy;
			containerPortal = EB9F46A925E196E7000D02A6 /* Project object */;
			proxyType = 1;
			remoteGlobalIDString = EB9F46B025E196E7000D02A6;
			remoteInfo = Flashcards;
		};
/* End PBXContainerItemProxy section */

/* Begin PBXFileReference section */
		EB41DDF325F5ECE9002B28EB /* CreationViewController.swift */ = {isa = PBXFileReference; lastKnownFileType = sourcecode.swift; path = CreationViewController.swift; sourceTree = "<group>"; };
		EB9F46B125E196E7000D02A6 /* Flashcards.app */ = {isa = PBXFileReference; explicitFileType = wrapper.application; includeInIndex = 0; path = Flashcards.app; sourceTree = BUILT_PRODUCTS_DIR; };
		EB9F46B425E196E7000D02A6 /* AppDelegate.swift */ = {isa = PBXFileReference; lastKnownFileType = sourcecode.swift; path = AppDelegate.swift; sourceTree = "<group>"; };
		EB9F46B625E196E7000D02A6 /* SceneDelegate.swift */ = {isa = PBXFileReference; lastKnownFileType = sourcecode.swift; path = SceneDelegate.swift; sourceTree = "<group>"; };
		EB9F46B825E196E7000D02A6 /* ViewController.swift */ = {isa = PBXFileReference; lastKnownFileType = sourcecode.swift; path = ViewController.swift; sourceTree = "<group>"; };
		EB9F46BB25E196E7000D02A6 /* Base */ = {isa = PBXFileReference; lastKnownFileType = file.storyboard; name = Base; path = Base.lproj/Main.storyboard; sourceTree = "<group>"; };
		EB9F46BD25E196E8000D02A6 /* Assets.xcassets */ = {isa = PBXFileReference; lastKnownFileType = folder.assetcatalog; path = Assets.xcassets; sourceTree = "<group>"; };
		EB9F46C025E196E8000D02A6 /* Base */ = {isa = PBXFileReference; lastKnownFileType = file.storyboard; name = Base; path = Base.lproj/LaunchScreen.storyboard; sourceTree = "<group>"; };
		EB9F46C225E196E8000D02A6 /* Info.plist */ = {isa = PBXFileReference; lastKnownFileType = text.plist.xml; path = Info.plist; sourceTree = "<group>"; };
		EB9F46C725E196E8000D02A6 /* FlashcardsTests.xctest */ = {isa = PBXFileReference; explicitFileType = wrapper.cfbundle; includeInIndex = 0; path = FlashcardsTests.xctest; sourceTree = BUILT_PRODUCTS_DIR; };
		EB9F46CB25E196E8000D02A6 /* FlashcardsTests.swift */ = {isa = PBXFileReference; lastKnownFileType = sourcecode.swift; path = FlashcardsTests.swift; sourceTree = "<group>"; };
		EB9F46CD25E196E8000D02A6 /* Info.plist */ = {isa = PBXFileReference; lastKnownFileType = text.plist.xml; path = Info.plist; sourceTree = "<group>"; };
		EB9F46D225E196E8000D02A6 /* FlashcardsUITests.xctest */ = {isa = PBXFileReference; explicitFileType = wrapper.cfbundle; includeInIndex = 0; path = FlashcardsUITests.xctest; sourceTree = BUILT_PRODUCTS_DIR; };
		EB9F46D625E196E8000D02A6 /* FlashcardsUITests.swift */ = {isa = PBXFileReference; lastKnownFileType = sourcecode.swift; path = FlashcardsUITests.swift; sourceTree = "<group>"; };
		EB9F46D825E196E8000D02A6 /* Info.plist */ = {isa = PBXFileReference; lastKnownFileType = text.plist.xml; path = Info.plist; sourceTree = "<group>"; };
/* End PBXFileReference section */

/* Begin PBXFrameworksBuildPhase section */
		EB9F46AE25E196E7000D02A6 /* Frameworks */ = {
			isa = PBXFrameworksBuildPhase;
			buildActionMask = 2147483647;
			files = (
			);
			runOnlyForDeploymentPostprocessing = 0;
		};
		EB9F46C425E196E8000D02A6 /* Frameworks */ = {
			isa = PBXFrameworksBuildPhase;
			buildActionMask = 2147483647;
			files = (
			);
			runOnlyForDeploymentPostprocessing = 0;
		};
		EB9F46CF25E196E8000D02A6 /* Frameworks */ = {
			isa = PBXFrameworksBuildPhase;
			buildActionMask = 2147483647;
			files = (
			);
			runOnlyForDeploymentPostprocessing = 0;
		};
/* End PBXFrameworksBuildPhase section */

/* Begin PBXGroup section */
		EB9F46A825E196E7000D02A6 = {
			isa = PBXGroup;
			children = (
				EB41DDF325F5ECE9002B28EB /* CreationViewController.swift */,
				EB9F46B325E196E7000D02A6 /* Flashcards */,
				EB9F46CA25E196E8000D02A6 /* FlashcardsTests */,
				EB9F46D525E196E8000D02A6 /* FlashcardsUITests */,
				EB9F46B225E196E7000D02A6 /* Products */,
			);
			sourceTree = "<group>";
		};
		EB9F46B225E196E7000D02A6 /* Products */ = {
			isa = PBXGroup;
			children = (
				EB9F46B125E196E7000D02A6 /* Flashcards.app */,
				EB9F46C725E196E8000D02A6 /* FlashcardsTests.xctest */,
				EB9F46D225E196E8000D02A6 /* FlashcardsUITests.xctest */,
			);
			name = Products;
			sourceTree = "<group>";
		};
		EB9F46B325E196E7000D02A6 /* Flashcards */ = {
			isa = PBXGroup;
			children = (
				EB9F46B425E196E7000D02A6 /* AppDelegate.swift */,
				EB9F46B625E196E7000D02A6 /* SceneDelegate.swift */,
				EB9F46B825E196E7000D02A6 /* ViewController.swift */,
				EB9F46BA25E196E7000D02A6 /* Main.storyboard */,
				EB9F46BD25E196E8000D02A6 /* Assets.xcassets */,
				EB9F46BF25E196E8000D02A6 /* LaunchScreen.storyboard */,
				EB9F46C225E196E8000D02A6 /* Info.plist */,
			);
			path = Flashcards;
			sourceTree = "<group>";
		};
		EB9F46CA25E196E8000D02A6 /* FlashcardsTests */ = {
			isa = PBXGroup;
			children = (
				EB9F46CB25E196E8000D02A6 /* FlashcardsTests.swift */,
				EB9F46CD25E196E8000D02A6 /* Info.plist */,
			);
			path = FlashcardsTests;
			sourceTree = "<group>";
		};
		EB9F46D525E196E8000D02A6 /* FlashcardsUITests */ = {
			isa = PBXGroup;
			children = (
				EB9F46D625E196E8000D02A6 /* FlashcardsUITests.swift */,
				EB9F46D825E196E8000D02A6 /* Info.plist */,
			);
			path = FlashcardsUITests;
			sourceTree = "<group>";
		};
/* End PBXGroup section */

/* Begin PBXNativeTarget section */
		EB9F46B025E196E7000D02A6 /* Flashcards */ = {
			isa = PBXNativeTarget;
			buildConfigurationList = EB9F46DB25E196E8000D02A6 /* Build configuration list for PBXNativeTarget "Flashcards" */;
			buildPhases = (
				EB9F46AD25E196E7000D02A6 /* Sources */,
				EB9F46AE25E196E7000D02A6 /* Frameworks */,
				EB9F46AF25E196E7000D02A6 /* Resources */,
			);
			buildRules = (
			);
			dependencies = (
			);
			name = Flashcards;
			productName = Flashcards;
			productReference = EB9F46B125E196E7000D02A6 /* Flashcards.app */;
			productType = "com.apple.product-type.application";
		};
		EB9F46C625E196E8000D02A6 /* FlashcardsTests */ = {
			isa = PBXNativeTarget;
			buildConfigurationList = EB9F46DE25E196E8000D02A6 /* Build configuration list for PBXNativeTarget "FlashcardsTests" */;
			buildPhases = (
				EB9F46C325E196E8000D02A6 /* Sources */,
				EB9F46C425E196E8000D02A6 /* Frameworks */,
				EB9F46C525E196E8000D02A6 /* Resources */,
			);
			buildRules = (
			);
			dependencies = (
				EB9F46C925E196E8000D02A6 /* PBXTargetDependency */,
			);
			name = FlashcardsTests;
			productName = FlashcardsTests;
			productReference = EB9F46C725E196E8000D02A6 /* FlashcardsTests.xctest */;
			productType = "com.apple.product-type.bundle.unit-test";
		};
		EB9F46D125E196E8000D02A6 /* FlashcardsUITests */ = {
			isa = PBXNativeTarget;
			buildConfigurationList = EB9F46E125E196E8000D02A6 /* Build configuration list for PBXNativeTarget "FlashcardsUITests" */;
			buildPhases = (
				EB9F46CE25E196E8000D02A6 /* Sources */,
				EB9F46CF25E196E8000D02A6 /* Frameworks */,
				EB9F46D025E196E8000D02A6 /* Resources */,
			);
			buildRules = (
			);
			dependencies = (
				EB9F46D425E196E8000D02A6 /* PBXTargetDependency */,
			);
			name = FlashcardsUITests;
			productName = FlashcardsUITests;
			productReference = EB9F46D225E196E8000D02A6 /* FlashcardsUITests.xctest */;
			productType = "com.apple.product-type.bundle.ui-testing";
		};
/* End PBXNativeTarget section */

/* Begin PBXProject section */
		EB9F46A925E196E7000D02A6 /* Project object */ = {
			isa = PBXProject;
			attributes = {
				LastSwiftUpdateCheck = 1240;
				LastUpgradeCheck = 1240;
				TargetAttributes = {
					EB9F46B025E196E7000D02A6 = {
						CreatedOnToolsVersion = 12.4;
					};
					EB9F46C625E196E8000D02A6 = {
						CreatedOnToolsVersion = 12.4;
						TestTargetID = EB9F46B025E196E7000D02A6;
					};
					EB9F46D125E196E8000D02A6 = {
						CreatedOnToolsVersion = 12.4;
						TestTargetID = EB9F46B025E196E7000D02A6;
					};
				};
			};
			buildConfigurationList = EB9F46AC25E196E7000D02A6 /* Build configuration list for PBXProject "Flashcards" */;
			compatibilityVersion = "Xcode 9.3";
			developmentRegion = en;
			hasScannedForEncodings = 0;
			knownRegions = (
				en,
				Base,
			);
			mainGroup = EB9F46A825E196E7000D02A6;
			productRefGroup = EB9F46B225E196E7000D02A6 /* Products */;
			projectDirPath = "";
			projectRoot = "";
			targets = (
				EB9F46B025E196E7000D02A6 /* Flashcards */,
				EB9F46C625E196E8000D02A6 /* FlashcardsTests */,
				EB9F46D125E196E8000D02A6 /* FlashcardsUITests */,
			);
		};
/* End PBXProject section */

/* Begin PBXResourcesBuildPhase section */
		EB9F46AF25E196E7000D02A6 /* Resources */ = {
			isa = PBXResourcesBuildPhase;
			buildActionMask = 2147483647;
			files = (
				EB9F46C125E196E8000D02A6 /* LaunchScreen.storyboard in Resources */,
				EB9F46BE25E196E8000D02A6 /* Assets.xcassets in Resources */,
				EB9F46BC25E196E7000D02A6 /* Main.storyboard in Resources */,
			);
			runOnlyForDeploymentPostprocessing = 0;
		};
		EB9F46C525E196E8000D02A6 /* Resources */ = {
			isa = PBXResourcesBuildPhase;
			buildActionMask = 2147483647;
			files = (
			);
			runOnlyForDeploymentPostprocessing = 0;
		};
		EB9F46D025E196E8000D02A6 /* Resources */ = {
			isa = PBXResourcesBuildPhase;
			buildActionMask = 2147483647;
			files = (
			);
			runOnlyForDeploymentPostprocessing = 0;
		};
/* End PBXResourcesBuildPhase section */

/* Begin PBXSourcesBuildPhase section */
		EB9F46AD25E196E7000D02A6 /* Sources */ = {
			isa = PBXSourcesBuildPhase;
			buildActionMask = 2147483647;
			files = (
				EB9F46B925E196E7000D02A6 /* ViewController.swift in Sources */,
				EB9F46B525E196E7000D02A6 /* AppDelegate.swift in Sources */,
				EB9F46B725E196E7000D02A6 /* SceneDelegate.swift in Sources */,
				EB41DDF425F5ECE9002B28EB /* CreationViewController.swift in Sources */,
			);
			runOnlyForDeploymentPostprocessing = 0;
		};
		EB9F46C325E196E8000D02A6 /* Sources */ = {
			isa = PBXSourcesBuildPhase;
			buildActionMask = 2147483647;
			files = (
				EB9F46CC25E196E8000D02A6 /* FlashcardsTests.swift in Sources */,
			);
			runOnlyForDeploymentPostprocessing = 0;
		};
		EB9F46CE25E196E8000D02A6 /* Sources */ = {
			isa = PBXSourcesBuildPhase;
			buildActionMask = 2147483647;
			files = (
				EB9F46D725E196E8000D02A6 /* FlashcardsUITests.swift in Sources */,
			);
			runOnlyForDeploymentPostprocessing = 0;
		};
/* End PBXSourcesBuildPhase section */

/* Begin PBXTargetDependency section */
		EB9F46C925E196E8000D02A6 /* PBXTargetDependency */ = {
			isa = PBXTargetDependency;
			target = EB9F46B025E196E7000D02A6 /* Flashcards */;
			targetProxy = EB9F46C825E196E8000D02A6 /* PBXContainerItemProxy */;
		};
		EB9F46D425E196E8000D02A6 /* PBXTargetDependency */ = {
			isa = PBXTargetDependency;
			target = EB9F46B025E196E7000D02A6 /* Flashcards */;
			targetProxy = EB9F46D325E196E8000D02A6 /* PBXContainerItemProxy */;
		};
/* End PBXTargetDependency section */

/* Begin PBXVariantGroup section */
		EB9F46BA25E196E7000D02A6 /* Main.storyboard */ = {
			isa = PBXVariantGroup;
			children = (
				EB9F46BB25E196E7000D02A6 /* Base */,
			);
			name = Main.storyboard;
			sourceTree = "<group>";
		};
		EB9F46BF25E196E8000D02A6 /* LaunchScreen.storyboard */ = {
			isa = PBXVariantGroup;
			children = (
				EB9F46C025E196E8000D02A6 /* Base */,
			);
			name = LaunchScreen.storyboard;
			sourceTree = "<group>";
		};
/* End PBXVariantGroup section */

/* Begin XCBuildConfiguration section */
		EB9F46D925E196E8000D02A6 /* Debug */ = {
			isa = XCBuildConfiguration;
			buildSettings = {
				ALWAYS_SEARCH_USER_PATHS = NO;
				CLANG_ANALYZER_NONNULL = YES;
				CLANG_ANALYZER_NUMBER_OBJECT_CONVERSION = YES_AGGRESSIVE;
				CLANG_CXX_LANGUAGE_STANDARD = "gnu++14";
				CLANG_CXX_LIBRARY = "libc++";
				CLANG_ENABLE_MODULES = YES;
				CLANG_ENABLE_OBJC_ARC = YES;
				CLANG_ENABLE_OBJC_WEAK = YES;
				CLANG_WARN_BLOCK_CAPTURE_AUTORELEASING = YES;
				CLANG_WARN_BOOL_CONVERSION = YES;
				CLANG_WARN_COMMA = YES;
				CLANG_WARN_CONSTANT_CONVERSION = YES;
				CLANG_WARN_DEPRECATED_OBJC_IMPLEMENTATIONS = YES;
				CLANG_WARN_DIRECT_OBJC_ISA_USAGE = YES_ERROR;
				CLANG_WARN_DOCUMENTATION_COMMENTS = YES;
				CLANG_WARN_EMPTY_BODY = YES;
				CLANG_WARN_ENUM_CONVERSION = YES;
				CLANG_WARN_INFINITE_RECURSION = YES;
				CLANG_WARN_INT_CONVERSION = YES;
				CLANG_WARN_NON_LITERAL_NULL_CONVERSION = YES;
				CLANG_WARN_OBJC_IMPLICIT_RETAIN_SELF = YES;
				CLANG_WARN_OBJC_LITERAL_CONVERSION = YES;
				CLANG_WARN_OBJC_ROOT_CLASS = YES_ERROR;
				CLANG_WARN_QUOTED_INCLUDE_IN_FRAMEWORK_HEADER = YES;
				CLANG_WARN_RANGE_LOOP_ANALYSIS = YES;
				CLANG_WARN_STRICT_PROTOTYPES = YES;
				CLANG_WARN_SUSPICIOUS_MOVE = YES;
				CLANG_WARN_UNGUARDED_AVAILABILITY = YES_AGGRESSIVE;
				CLANG_WARN_UNREACHABLE_CODE = YES;
				CLANG_WARN__DUPLICATE_METHOD_MATCH = YES;
				COPY_PHASE_STRIP = NO;
				DEBUG_INFORMATION_FORMAT = dwarf;
				ENABLE_STRICT_OBJC_MSGSEND = YES;
				ENABLE_TESTABILITY = YES;
				GCC_C_LANGUAGE_STANDARD = gnu11;
				GCC_DYNAMIC_NO_PIC = NO;
				GCC_NO_COMMON_BLOCKS = YES;
				GCC_OPTIMIZATION_LEVEL = 0;
				GCC_PREPROCESSOR_DEFINITIONS = (
					"DEBUG=1",
					"$(inherited)",
				);
				GCC_WARN_64_TO_32_BIT_CONVERSION = YES;
				GCC_WARN_ABOUT_RETURN_TYPE = YES_ERROR;
				GCC_WARN_UNDECLARED_SELECTOR = YES;
				GCC_WARN_UNINITIALIZED_AUTOS = YES_AGGRESSIVE;
				GCC_WARN_UNUSED_FUNCTION = YES;
				GCC_WARN_UNUSED_VARIABLE = YES;
				IPHONEOS_DEPLOYMENT_TARGET = 14.4;
				MTL_ENABLE_DEBUG_INFO = INCLUDE_SOURCE;
				MTL_FAST_MATH = YES;
				ONLY_ACTIVE_ARCH = YES;
				SDKROOT = iphoneos;
				SWIFT_ACTIVE_COMPILATION_CONDITIONS = DEBUG;
				SWIFT_OPTIMIZATION_LEVEL = "-Onone";
			};
			name = Debug;
		};
		EB9F46DA25E196E8000D02A6 /* Release */ = {
			isa = XCBuildConfiguration;
			buildSettings = {
				ALWAYS_SEARCH_USER_PATHS = NO;
				CLANG_ANALYZER_NONNULL = YES;
				CLANG_ANALYZER_NUMBER_OBJECT_CONVERSION = YES_AGGRESSIVE;
				CLANG_CXX_LANGUAGE_STANDARD = "gnu++14";
				CLANG_CXX_LIBRARY = "libc++";
				CLANG_ENABLE_MODULES = YES;
				CLANG_ENABLE_OBJC_ARC = YES;
				CLANG_ENABLE_OBJC_WEAK = YES;
				CLANG_WARN_BLOCK_CAPTURE_AUTORELEASING = YES;
				CLANG_WARN_BOOL_CONVERSION = YES;
				CLANG_WARN_COMMA = YES;
				CLANG_WARN_CONSTANT_CONVERSION = YES;
				CLANG_WARN_DEPRECATED_OBJC_IMPLEMENTATIONS = YES;
				CLANG_WARN_DIRECT_OBJC_ISA_USAGE = YES_ERROR;
				CLANG_WARN_DOCUMENTATION_COMMENTS = YES;
				CLANG_WARN_EMPTY_BODY = YES;
				CLANG_WARN_ENUM_CONVERSION = YES;
				CLANG_WARN_INFINITE_RECURSION = YES;
				CLANG_WARN_INT_CONVERSION = YES;
				CLANG_WARN_NON_LITERAL_NULL_CONVERSION = YES;
				CLANG_WARN_OBJC_IMPLICIT_RETAIN_SELF = YES;
				CLANG_WARN_OBJC_LITERAL_CONVERSION = YES;
				CLANG_WARN_OBJC_ROOT_CLASS = YES_ERROR;
				CLANG_WARN_QUOTED_INCLUDE_IN_FRAMEWORK_HEADER = YES;
				CLANG_WARN_RANGE_LOOP_ANALYSIS = YES;
				CLANG_WARN_STRICT_PROTOTYPES = YES;
				CLANG_WARN_SUSPICIOUS_MOVE = YES;
				CLANG_WARN_UNGUARDED_AVAILABILITY = YES_AGGRESSIVE;
				CLANG_WARN_UNREACHABLE_CODE = YES;
				CLANG_WARN__DUPLICATE_METHOD_MATCH = YES;
				COPY_PHASE_STRIP = NO;
				DEBUG_INFORMATION_FORMAT = "dwarf-with-dsym";
				ENABLE_NS_ASSERTIONS = NO;
				ENABLE_STRICT_OBJC_MSGSEND = YES;
				GCC_C_LANGUAGE_STANDARD = gnu11;
				GCC_NO_COMMON_BLOCKS = YES;
				GCC_WARN_64_TO_32_BIT_CONVERSION = YES;
				GCC_WARN_ABOUT_RETURN_TYPE = YES_ERROR;
				GCC_WARN_UNDECLARED_SELECTOR = YES;
				GCC_WARN_UNINITIALIZED_AUTOS = YES_AGGRESSIVE;
				GCC_WARN_UNUSED_FUNCTION = YES;
				GCC_WARN_UNUSED_VARIABLE = YES;
				IPHONEOS_DEPLOYMENT_TARGET = 14.4;
				MTL_ENABLE_DEBUG_INFO = NO;
				MTL_FAST_MATH = YES;
				SDKROOT = iphoneos;
				SWIFT_COMPILATION_MODE = wholemodule;
				SWIFT_OPTIMIZATION_LEVEL = "-O";
				VALIDATE_PRODUCT = YES;
			};
			name = Release;
		};
		EB9F46DC25E196E8000D02A6 /* Debug */ = {
			isa = XCBuildConfiguration;
			buildSettings = {
				ASSETCATALOG_COMPILER_APPICON_NAME = AppIcon;
				ASSETCATALOG_COMPILER_GLOBAL_ACCENT_COLOR_NAME = AccentColor;
				CODE_SIGN_STYLE = Automatic;
				DEVELOPMENT_TEAM = V466MH92JT;
				INFOPLIST_FILE = Flashcards/Info.plist;
				LD_RUNPATH_SEARCH_PATHS = (
					"$(inherited)",
					"@executable_path/Frameworks",
				);
				PRODUCT_BUNDLE_IDENTIFIER = CodePath.Flashcards;
				PRODUCT_NAME = "$(TARGET_NAME)";
				SWIFT_VERSION = 5.0;
				TARGETED_DEVICE_FAMILY = "1,2";
			};
			name = Debug;
		};
		EB9F46DD25E196E8000D02A6 /* Release */ = {
			isa = XCBuildConfiguration;
			buildSettings = {
				ASSETCATALOG_COMPILER_APPICON_NAME = AppIcon;
				ASSETCATALOG_COMPILER_GLOBAL_ACCENT_COLOR_NAME = AccentColor;
				CODE_SIGN_STYLE = Automatic;
				DEVELOPMENT_TEAM = V466MH92JT;
				INFOPLIST_FILE = Flashcards/Info.plist;
				LD_RUNPATH_SEARCH_PATHS = (
					"$(inherited)",
					"@executable_path/Frameworks",
				);
				PRODUCT_BUNDLE_IDENTIFIER = CodePath.Flashcards;
				PRODUCT_NAME = "$(TARGET_NAME)";
				SWIFT_VERSION = 5.0;
				TARGETED_DEVICE_FAMILY = "1,2";
			};
			name = Release;
		};
		EB9F46DF25E196E8000D02A6 /* Debug */ = {
			isa = XCBuildConfiguration;
			buildSettings = {
				ALWAYS_EMBED_SWIFT_STANDARD_LIBRARIES = YES;
				BUNDLE_LOADER = "$(TEST_HOST)";
				CODE_SIGN_STYLE = Automatic;
				DEVELOPMENT_TEAM = V466MH92JT;
				INFOPLIST_FILE = FlashcardsTests/Info.plist;
				IPHONEOS_DEPLOYMENT_TARGET = 14.4;
				LD_RUNPATH_SEARCH_PATHS = (
					"$(inherited)",
					"@executable_path/Frameworks",
					"@loader_path/Frameworks",
				);
				PRODUCT_BUNDLE_IDENTIFIER = CodePath.FlashcardsTests;
				PRODUCT_NAME = "$(TARGET_NAME)";
				SWIFT_VERSION = 5.0;
				TARGETED_DEVICE_FAMILY = "1,2";
				TEST_HOST = "$(BUILT_PRODUCTS_DIR)/Flashcards.app/Flashcards";
			};
			name = Debug;
		};
		EB9F46E025E196E8000D02A6 /* Release */ = {
			isa = XCBuildConfiguration;
			buildSettings = {
				ALWAYS_EMBED_SWIFT_STANDARD_LIBRARIES = YES;
				BUNDLE_LOADER = "$(TEST_HOST)";
				CODE_SIGN_STYLE = Automatic;
				DEVELOPMENT_TEAM = V466MH92JT;
				INFOPLIST_FILE = FlashcardsTests/Info.plist;
				IPHONEOS_DEPLOYMENT_TARGET = 14.4;
				LD_RUNPATH_SEARCH_PATHS = (
					"$(inherited)",
					"@executable_path/Frameworks",
					"@loader_path/Frameworks",
				);
				PRODUCT_BUNDLE_IDENTIFIER = CodePath.FlashcardsTests;
				PRODUCT_NAME = "$(TARGET_NAME)";
				SWIFT_VERSION = 5.0;
				TARGETED_DEVICE_FAMILY = "1,2";
				TEST_HOST = "$(BUILT_PRODUCTS_DIR)/Flashcards.app/Flashcards";
			};
			name = Release;
		};
		EB9F46E225E196E8000D02A6 /* Debug */ = {
			isa = XCBuildConfiguration;
			buildSettings = {
				ALWAYS_EMBED_SWIFT_STANDARD_LIBRARIES = YES;
				CODE_SIGN_STYLE = Automatic;
				DEVELOPMENT_TEAM = V466MH92JT;
				INFOPLIST_FILE = FlashcardsUITests/Info.plist;
				LD_RUNPATH_SEARCH_PATHS = (
					"$(inherited)",
					"@executable_path/Frameworks",
					"@loader_path/Frameworks",
				);
				PRODUCT_BUNDLE_IDENTIFIER = CodePath.FlashcardsUITests;
				PRODUCT_NAME = "$(TARGET_NAME)";
				SWIFT_VERSION = 5.0;
				TARGETED_DEVICE_FAMILY = "1,2";
				TEST_TARGET_NAME = Flashcards;
			};
			name = Debug;
		};
		EB9F46E325E196E8000D02A6 /* Release */ = {
			isa = XCBuildConfiguration;
			buildSettings = {
				ALWAYS_EMBED_SWIFT_STANDARD_LIBRARIES = YES;
				CODE_SIGN_STYLE = Automatic;
				DEVELOPMENT_TEAM = V466MH92JT;
				INFOPLIST_FILE = FlashcardsUITests/Info.plist;
				LD_RUNPATH_SEARCH_PATHS = (
					"$(inherited)",
					"@executable_path/Frameworks",
					"@loader_path/Frameworks",
				);
				PRODUCT_BUNDLE_IDENTIFIER = CodePath.FlashcardsUITests;
				PRODUCT_NAME = "$(TARGET_NAME)";
				SWIFT_VERSION = 5.0;
				TARGETED_DEVICE_FAMILY = "1,2";
				TEST_TARGET_NAME = Flashcards;
			};
			name = Release;
		};
/* End XCBuildConfiguration section */

/* Begin XCConfigurationList section */
		EB9F46AC25E196E7000D02A6 /* Build configuration list for PBXProject "Flashcards" */ = {
			isa = XCConfigurationList;
			buildConfigurations = (
				EB9F46D925E196E8000D02A6 /* Debug */,
				EB9F46DA25E196E8000D02A6 /* Release */,
			);
			defaultConfigurationIsVisible = 0;
			defaultConfigurationName = Release;
		};
		EB9F46DB25E196E8000D02A6 /* Build configuration list for PBXNativeTarget "Flashcards" */ = {
			isa = XCConfigurationList;
			buildConfigurations = (
				EB9F46DC25E196E8000D02A6 /* Debug */,
				EB9F46DD25E196E8000D02A6 /* Release */,
			);
			defaultConfigurationIsVisible = 0;
			defaultConfigurationName = Release;
		};
		EB9F46DE25E196E8000D02A6 /* Build configuration list for PBXNativeTarget "FlashcardsTests" */ = {
			isa = XCConfigurationList;
			buildConfigurations = (
				EB9F46DF25E196E8000D02A6 /* Debug */,
				EB9F46E025E196E8000D02A6 /* Release */,
			);
			defaultConfigurationIsVisible = 0;
			defaultConfigurationName = Release;
		};
		EB9F46E125E196E8000D02A6 /* Build configuration list for PBXNativeTarget "FlashcardsUITests" */ = {
			isa = XCConfigurationList;
			buildConfigurations = (
				EB9F46E225E196E8000D02A6 /* Debug */,
				EB9F46E325E196E8000D02A6 /* Release */,
			);
			defaultConfigurationIsVisible = 0;
			defaultConfigurationName = Release;
		};
/* End XCConfigurationList section */
	};
	rootObject = EB9F46A925E196E7000D02A6 /* Project object */;
}
